
Microsoft Visual Studio Solution File, Format Version 12.00
# Visual Studio Version 17
VisualStudioVersion = 17.8.34525.116
MinimumVisualStudioVersion = 10.0.40219.1
Project("{FAE04EC0-301F-11D3-BF4B-00C04F79EFBC}") = "Gw2MarketAnalyser", "Gw2MarketAnalyser\Gw2MarketAnalyser.csproj", "{DB77CCD4-4A72-4B74-A24F-75340AF1ABB4}"
EndProject
Global
	GlobalSection(SolutionConfigurationPlatforms) = preSolution
		Debug|Any CPU = Debug|Any CPU
		Release|Any CPU = Release|Any CPU
	EndGlobalSection
	GlobalSection(ProjectConfigurationPlatforms) = postSolution
		{DB77CCD4-4A72-4B74-A24F-75340AF1ABB4}.Debug|Any CPU.ActiveCfg = Debug|Any CPU
		{DB77CCD4-4A72-4B74-A24F-75340AF1ABB4}.Debug|Any CPU.Build.0 = Debug|Any CPU
		{DB77CCD4-4A72-4B74-A24F-75340AF1ABB4}.Release|Any CPU.ActiveCfg = Release|Any CPU
		{DB77CCD4-4A72-4B74-A24F-75340AF1ABB4}.Release|Any CPU.Build.0 = Release|Any CPU
	EndGlobalSection
	GlobalSection(SolutionProperties) = preSolution
		HideSolutionNode = FALSE
	EndGlobalSection
	GlobalSection(ExtensibilityGlobals) = postSolution
		SolutionGuid = {4AA24667-AB94-411C-A9D1-204179C1E7FF}
	EndGlobalSection
EndGlobal
