
Microsoft Visual Studio Solution File, Format Version 12.00
# Visual Studio 15
VisualStudioVersion = 15.0.28307.852
MinimumVisualStudioVersion = 10.0.40219.1
Project("{8BC9CEB8-8B4A-11D0-8D11-00A0C91BC942}") = "greedy-1-money-change", "greedy-1-money-change\greedy-1-money-change.vcxproj", "{AE31C089-79A2-4CDE-A87B-C25BF78EC722}"
EndProject
Project("{8BC9CEB8-8B4A-11D0-8D11-00A0C91BC942}") = "greedy-2-max-loot-value", "greedy-2-max-loot-value\greedy-2-max-loot-value.vcxproj", "{BEDEDBC7-E702-4199-8FE8-98BFEEFCC027}"
EndProject
Project("{8BC9CEB8-8B4A-11D0-8D11-00A0C91BC942}") = "greedy-3-car-fueling", "greedy-3-car-fueling\greedy-3-car-fueling.vcxproj", "{BDDDCD23-D13C-41B6-919D-BBBAE8871AE8}"
EndProject
Project("{8BC9CEB8-8B4A-11D0-8D11-00A0C91BC942}") = "greedy-4-max-advertisement", "greedy-4-max-advertisement\greedy-4-max-advertisement.vcxproj", "{D9332855-4CC1-4352-93AC-2116E8D22B29}"
EndProject
Project("{8BC9CEB8-8B4A-11D0-8D11-00A0C91BC942}") = "greedy-5-collecting-signatures", "greedy-5-collecting-signatures\greedy-5-collecting-signatures.vcxproj", "{BECAB2B5-8270-4406-A5D4-EE6747E70044}"
EndProject
Project("{8BC9CEB8-8B4A-11D0-8D11-00A0C91BC942}") = "greedy-6-maximum-prizes", "greedy-6-maximum-prizes\greedy-6-maximum-prizes.vcxproj", "{39C48DFD-F2F6-4F7D-BEAF-4893BDF74E41}"
EndProject
Project("{8BC9CEB8-8B4A-11D0-8D11-00A0C91BC942}") = "greedy-7-maximum-salary", "greedy-7-maximum-salary\greedy-7-maximum-salary.vcxproj", "{D0B749D4-1FA9-4AE3-97AD-AF54C01AC2E1}"
EndProject
Global
	GlobalSection(SolutionConfigurationPlatforms) = preSolution
		Debug|x64 = Debug|x64
		Debug|x86 = Debug|x86
		Release|x64 = Release|x64
		Release|x86 = Release|x86
	EndGlobalSection
	GlobalSection(ProjectConfigurationPlatforms) = postSolution
		{AE31C089-79A2-4CDE-A87B-C25BF78EC722}.Debug|x64.ActiveCfg = Debug|x64
		{AE31C089-79A2-4CDE-A87B-C25BF78EC722}.Debug|x64.Build.0 = Debug|x64
		{AE31C089-79A2-4CDE-A87B-C25BF78EC722}.Debug|x86.ActiveCfg = Debug|Win32
		{AE31C089-79A2-4CDE-A87B-C25BF78EC722}.Debug|x86.Build.0 = Debug|Win32
		{AE31C089-79A2-4CDE-A87B-C25BF78EC722}.Release|x64.ActiveCfg = Release|x64
		{AE31C089-79A2-4CDE-A87B-C25BF78EC722}.Release|x64.Build.0 = Release|x64
		{AE31C089-79A2-4CDE-A87B-C25BF78EC722}.Release|x86.ActiveCfg = Release|Win32
		{AE31C089-79A2-4CDE-A87B-C25BF78EC722}.Release|x86.Build.0 = Release|Win32
		{BEDEDBC7-E702-4199-8FE8-98BFEEFCC027}.Debug|x64.ActiveCfg = Debug|x64
		{BEDEDBC7-E702-4199-8FE8-98BFEEFCC027}.Debug|x64.Build.0 = Debug|x64
		{BEDEDBC7-E702-4199-8FE8-98BFEEFCC027}.Debug|x86.ActiveCfg = Debug|Win32
		{BEDEDBC7-E702-4199-8FE8-98BFEEFCC027}.Debug|x86.Build.0 = Debug|Win32
		{BEDEDBC7-E702-4199-8FE8-98BFEEFCC027}.Release|x64.ActiveCfg = Release|x64
		{BEDEDBC7-E702-4199-8FE8-98BFEEFCC027}.Release|x64.Build.0 = Release|x64
		{BEDEDBC7-E702-4199-8FE8-98BFEEFCC027}.Release|x86.ActiveCfg = Release|Win32
		{BEDEDBC7-E702-4199-8FE8-98BFEEFCC027}.Release|x86.Build.0 = Release|Win32
		{BDDDCD23-D13C-41B6-919D-BBBAE8871AE8}.Debug|x64.ActiveCfg = Debug|x64
		{BDDDCD23-D13C-41B6-919D-BBBAE8871AE8}.Debug|x64.Build.0 = Debug|x64
		{BDDDCD23-D13C-41B6-919D-BBBAE8871AE8}.Debug|x86.ActiveCfg = Debug|Win32
		{BDDDCD23-D13C-41B6-919D-BBBAE8871AE8}.Debug|x86.Build.0 = Debug|Win32
		{BDDDCD23-D13C-41B6-919D-BBBAE8871AE8}.Release|x64.ActiveCfg = Release|x64
		{BDDDCD23-D13C-41B6-919D-BBBAE8871AE8}.Release|x64.Build.0 = Release|x64
		{BDDDCD23-D13C-41B6-919D-BBBAE8871AE8}.Release|x86.ActiveCfg = Release|Win32
		{BDDDCD23-D13C-41B6-919D-BBBAE8871AE8}.Release|x86.Build.0 = Release|Win32
		{D9332855-4CC1-4352-93AC-2116E8D22B29}.Debug|x64.ActiveCfg = Debug|x64
		{D9332855-4CC1-4352-93AC-2116E8D22B29}.Debug|x64.Build.0 = Debug|x64
		{D9332855-4CC1-4352-93AC-2116E8D22B29}.Debug|x86.ActiveCfg = Debug|Win32
		{D9332855-4CC1-4352-93AC-2116E8D22B29}.Debug|x86.Build.0 = Debug|Win32
		{D9332855-4CC1-4352-93AC-2116E8D22B29}.Release|x64.ActiveCfg = Release|x64
		{D9332855-4CC1-4352-93AC-2116E8D22B29}.Release|x64.Build.0 = Release|x64
		{D9332855-4CC1-4352-93AC-2116E8D22B29}.Release|x86.ActiveCfg = Release|Win32
		{D9332855-4CC1-4352-93AC-2116E8D22B29}.Release|x86.Build.0 = Release|Win32
		{BECAB2B5-8270-4406-A5D4-EE6747E70044}.Debug|x64.ActiveCfg = Debug|x64
		{BECAB2B5-8270-4406-A5D4-EE6747E70044}.Debug|x64.Build.0 = Debug|x64
		{BECAB2B5-8270-4406-A5D4-EE6747E70044}.Debug|x86.ActiveCfg = Debug|Win32
		{BECAB2B5-8270-4406-A5D4-EE6747E70044}.Debug|x86.Build.0 = Debug|Win32
		{BECAB2B5-8270-4406-A5D4-EE6747E70044}.Release|x64.ActiveCfg = Release|x64
		{BECAB2B5-8270-4406-A5D4-EE6747E70044}.Release|x64.Build.0 = Release|x64
		{BECAB2B5-8270-4406-A5D4-EE6747E70044}.Release|x86.ActiveCfg = Release|Win32
		{BECAB2B5-8270-4406-A5D4-EE6747E70044}.Release|x86.Build.0 = Release|Win32
		{39C48DFD-F2F6-4F7D-BEAF-4893BDF74E41}.Debug|x64.ActiveCfg = Debug|x64
		{39C48DFD-F2F6-4F7D-BEAF-4893BDF74E41}.Debug|x64.Build.0 = Debug|x64
		{39C48DFD-F2F6-4F7D-BEAF-4893BDF74E41}.Debug|x86.ActiveCfg = Debug|Win32
		{39C48DFD-F2F6-4F7D-BEAF-4893BDF74E41}.Debug|x86.Build.0 = Debug|Win32
		{39C48DFD-F2F6-4F7D-BEAF-4893BDF74E41}.Release|x64.ActiveCfg = Release|x64
		{39C48DFD-F2F6-4F7D-BEAF-4893BDF74E41}.Release|x64.Build.0 = Release|x64
		{39C48DFD-F2F6-4F7D-BEAF-4893BDF74E41}.Release|x86.ActiveCfg = Release|Win32
		{39C48DFD-F2F6-4F7D-BEAF-4893BDF74E41}.Release|x86.Build.0 = Release|Win32
		{D0B749D4-1FA9-4AE3-97AD-AF54C01AC2E1}.Debug|x64.ActiveCfg = Debug|x64
		{D0B749D4-1FA9-4AE3-97AD-AF54C01AC2E1}.Debug|x64.Build.0 = Debug|x64
		{D0B749D4-1FA9-4AE3-97AD-AF54C01AC2E1}.Debug|x86.ActiveCfg = Debug|Win32
		{D0B749D4-1FA9-4AE3-97AD-AF54C01AC2E1}.Debug|x86.Build.0 = Debug|Win32
		{D0B749D4-1FA9-4AE3-97AD-AF54C01AC2E1}.Release|x64.ActiveCfg = Release|x64
		{D0B749D4-1FA9-4AE3-97AD-AF54C01AC2E1}.Release|x64.Build.0 = Release|x64
		{D0B749D4-1FA9-4AE3-97AD-AF54C01AC2E1}.Release|x86.ActiveCfg = Release|Win32
		{D0B749D4-1FA9-4AE3-97AD-AF54C01AC2E1}.Release|x86.Build.0 = Release|Win32
	EndGlobalSection
	GlobalSection(SolutionProperties) = preSolution
		HideSolutionNode = FALSE
	EndGlobalSection
	GlobalSection(ExtensibilityGlobals) = postSolution
		SolutionGuid = {A420A39D-97D8-4931-B0C6-162C0C523954}
	EndGlobalSection
EndGlobal
